# This file is automatically @generated by Poetry 2.2.1 and should not be changed by hand.

[[package]]
name = "pypandoc"
version = "1.17"
description = "Thin wrapper for pandoc."
optional = false
python-versions = ">=3.7"
groups = ["main"]
files = [
    {file = "pypandoc-1.17-py3-none-any.whl", hash = "sha256:01fdbffa61edb9f8e82e8faad6954efcb7b6f8f0634aead4d89e322a00225a67"},
    {file = "pypandoc-1.17.tar.gz", hash = "sha256:51179abfd6e582a25ed03477541b48836b5bba5a4c3b282a547630793934d799"},
]

[package.extras]
tinytex = ["pytinytex"]

[[package]]
name = "pytinytex"
version = "0.5.1"
description = "Thin wrapper for \"TinyTeX\" (MIT)"
optional = false
python-versions = ">=3.8"
groups = ["main"]
files = [
    {file = "pytinytex-0.5.1-py3-none-any.whl", hash = "sha256:16cbad3f70e40a14855bbd807bab9ba74232e87268738dc4ce2af4f6abd6d248"},
    {file = "pytinytex-0.5.1.tar.gz", hash = "sha256:206d2adcbe58262ee501399c7aed30b684473b03dcb71fc248271d1801138525"},
]

[metadata]
lock-version = "2.1"
python-versions = "^3.11"
content-hash = "9b3385397b0b34b4a5e873530f4fe86f176d8f4b386afd8f31afe22cec328af7"
